
Microsoft Visual Studio Solution File, Format Version 12.00
# Visual Studio 15
VisualStudioVersion = 15.0.28010.2019
MinimumVisualStudioVersion = 10.0.40219.1
Project("{FAE04EC0-301F-11D3-BF4B-00C04F79EFBC}") = "HealthcareAPI", "HealthcareAPI\HealthcareAPI.csproj", "{A608D4B4-2F2B-49DE-A1E7-324345C36A3E}"
EndProject
Global
	GlobalSection(SolutionConfigurationPlatforms) = preSolution
		Debug|Any CPU = Debug|Any CPU
		Release|Any CPU = Release|Any CPU
	EndGlobalSection
	GlobalSection(ProjectConfigurationPlatforms) = postSolution
		{A608D4B4-2F2B-49DE-A1E7-324345C36A3E}.Debug|Any CPU.ActiveCfg = Debug|Any CPU
		{A608D4B4-2F2B-49DE-A1E7-324345C36A3E}.Debug|Any CPU.Build.0 = Debug|Any CPU
		{A608D4B4-2F2B-49DE-A1E7-324345C36A3E}.Release|Any CPU.ActiveCfg = Release|Any CPU
		{A608D4B4-2F2B-49DE-A1E7-324345C36A3E}.Release|Any CPU.Build.0 = Release|Any CPU
	EndGlobalSection
	GlobalSection(SolutionProperties) = preSolution
		HideSolutionNode = FALSE
	EndGlobalSection
	GlobalSection(ExtensibilityGlobals) = postSolution
		SolutionGuid = {B242277B-15D5-47AC-9B5C-FF775CDF5791}
	EndGlobalSection
EndGlobal
